{
	"name": "@theoremai/react",
	"version": "0.0.1",
	"lockfileVersion": 3,
	"requires": true,
	"packages": {
		"": {
			"name": "@theoremai/react",
			"version": "0.0.1",
			"dependencies": {
				"@tabler/icons-react": "^3.46.0",
				"dompurify": "^3.4.15",
				"marked": "^18.0.12"
			},
			"devDependencies": {
				"@theoremai/agents": "file:..",
				"@types/dompurify": "^3.0.5",
				"@types/react": "^19.0.0",
				"@types/react-dom": "^19.0.0",
				"react": "^19.0.0",
				"react-dom": "^19.0.0",
				"typescript": "^6.0.3"
			},
			"peerDependencies": {
				"@theoremai/agents": "*",
				"react": "^19.0.0",
				"react-dom": "^19.0.0"
			}
		},
		"..": {
			"name": "@theoremai/agents",
			"version": "2.0.0",
			"dev": true,
			"license": "MIT",
			"dependencies": {
				"@openrouter/ai-sdk-provider": "^3.0.0",
				"ai": "^7.0.0",
				"gpt-tokenizer": "^4.0.0"
			},
			"bin": {
				"agents": "src/cli/index.ts"
			},
			"devDependencies": {
				"@ast-grep/cli": "^0.41.0",
				"@biomejs/biome": "^2.5.8",
				"@stryker-mutator/core": "^10.0.0",
				"fallow": "3.17.0"
			},
			"peerDependencies": {
				"zod": "^4.1.8"
			}
		},
		"node_modules/@tabler/icons": {
			"version": "3.46.0",
			"resolved": "https://registry.npmjs.org/@tabler/icons/-/icons-3.46.0.tgz",
			"integrity": "sha512-f2RYFl3fzPwj5WO82x6en0dmkjefxEfOm16D1ByM6cj/McNiwOkL4VaPUoP9VVIrXAD9WnTSVFr70px703b//A==",
			"license": "MIT",
			"funding": {
				"type": "github",
				"url": "https://github.com/sponsors/codecalm"
			}
		},
		"node_modules/@tabler/icons-react": {
			"version": "3.46.0",
			"resolved": "https://registry.npmjs.org/@tabler/icons-react/-/icons-react-3.46.0.tgz",
			"integrity": "sha512-CCm7xJWhDT2PH4ZIFkP6AgYKtVhq0gpYkjUN+GVh1AzmIQaa77OW0bQPBPQiTE0PsXMR9oSxFqA3qBglzPyrVQ==",
			"license": "MIT",
			"dependencies": {
				"@tabler/icons": "3.46.0"
			},
			"funding": {
				"type": "github",
				"url": "https://github.com/sponsors/codecalm"
			},
			"peerDependencies": {
				"react": ">= 16"
			}
		},
		"node_modules/@theoremai/agents": {
			"resolved": "..",
			"link": true
		},
		"node_modules/@types/dompurify": {
			"version": "3.0.5",
			"resolved": "https://registry.npmjs.org/@types/dompurify/-/dompurify-3.0.5.tgz",
			"integrity": "sha512-1Wg0g3BtQF7sSb27fJQAKck1HECM6zV1EB66j8JH9i3LCjYabJa0FSdiSgsD5K/RbrsR0SiraKacLB+T8ZVYAg==",
			"dev": true,
			"license": "MIT",
			"dependencies": {
				"@types/trusted-types": "*"
			}
		},
		"node_modules/@types/react": {
			"version": "19.2.18",
			"resolved": "https://registry.npmjs.org/@types/react/-/react-19.2.18.tgz",
			"integrity": "sha512-AnzbBERsrLKtk2XSfTbYRLjQPdy116Sty4q+T+Bp3IC4l6jNBvreVPAHmpq9qhXQM7CXZPjLVmGMw9sy+hxQ3w==",
			"dev": true,
			"license": "MIT",
			"dependencies": {
				"csstype": "^3.2.2"
			}
		},
		"node_modules/@types/react-dom": {
			"version": "19.2.7",
			"resolved": "https://registry.npmjs.org/@types/react-dom/-/react-dom-19.2.7.tgz",
			"integrity": "sha512-I8bPpDLcHBv1qiIiXDCy71Rt8eQDKJP0sMSWJphDdAcdqiJ1sGpZamavoEIRZmYzjia9LuEb2HlYdDpmoENpvQ==",
			"dev": true,
			"license": "MIT",
			"peerDependencies": {
				"@types/react": "^19.2.0"
			}
		},
		"node_modules/@types/trusted-types": {
			"version": "2.0.7",
			"resolved": "https://registry.npmjs.org/@types/trusted-types/-/trusted-types-2.0.7.tgz",
			"integrity": "sha512-ScaPdn1dQczgbl0QFTeTOmVHFULt394XJgOQNoyVhZ6r2vLnMLJfBPd53SB52T/3G36VI1/g2MZaX0cwDuXsfw==",
			"devOptional": true,
			"license": "MIT"
		},
		"node_modules/csstype": {
			"version": "3.2.3",
			"resolved": "https://registry.npmjs.org/csstype/-/csstype-3.2.3.tgz",
			"integrity": "sha512-z1HGKcYy2xA8AGQfwrn0PAy+PB7X/GSj3UVJW9qKyn43xWa+gl5nXmU4qqLMRzWVLFC8KusUX8T/0kCiOYpAIQ==",
			"dev": true,
			"license": "MIT"
		},
		"node_modules/dompurify": {
			"version": "3.4.15",
			"resolved": "https://registry.npmjs.org/dompurify/-/dompurify-3.4.15.tgz",
			"integrity": "sha512-EUBjM+B+lkDE41iE82DDSCfkoPGfXx8IxFxPMjNzm/Uk4xDet77rTN9wqlxlVg71kK7XGuUMv6wUxJUwwv+Xyw==",
			"license": "(MPL-2.0 OR Apache-2.0)",
			"optionalDependencies": {
				"@types/trusted-types": "^2.0.7"
			}
		},
		"node_modules/marked": {
			"version": "18.0.12",
			"resolved": "https://registry.npmjs.org/marked/-/marked-18.0.12.tgz",
			"integrity": "sha512-LEm4ga2YeI2T3GVHj9b0BaDPPk93LLTHMFeMyQbNIzPxc8vCI0y/scy0ZA6z6lXKyT9j9Nhl/OC6ZYKYGuFScA==",
			"license": "MIT",
			"bin": {
				"marked": "bin/marked.js"
			},
			"engines": {
				"node": ">= 20"
			}
		},
		"node_modules/react": {
			"version": "19.2.8",
			"resolved": "https://registry.npmjs.org/react/-/react-19.2.8.tgz",
			"integrity": "sha512-PWaYA1L/q9u2u7xYQi+Y3L3Yfnie7XyLeaJICV1MGD6LprsBxcAqGjYyr0eY3p+QdsA+x/Irkt4Qif8D63+Sbw==",
			"license": "MIT",
			"engines": {
				"node": ">=0.10.0"
			}
		},
		"node_modules/react-dom": {
			"version": "19.2.8",
			"resolved": "https://registry.npmjs.org/react-dom/-/react-dom-19.2.8.tgz",
			"integrity": "sha512-rVprimfGBG3DR+Tq0IQG2DT5PxKth1WIGDmj5yPmlzr4YBe7uyE+Du4oVqTDXZSHGGGXRtTJEGSSePyQCMBglQ==",
			"dev": true,
			"license": "MIT",
			"dependencies": {
				"scheduler": "^0.27.0"
			},
			"peerDependencies": {
				"react": "^19.2.8"
			}
		},
		"node_modules/scheduler": {
			"version": "0.27.0",
			"resolved": "https://registry.npmjs.org/scheduler/-/scheduler-0.27.0.tgz",
			"integrity": "sha512-eNv+WrVbKu1f3vbYJT/xtiF5syA5HPIMtf9IgY/nKg0sWqzAUEvqY/xm7OcZc/qafLx/iO9FgOmeSAp4v5ti/Q==",
			"dev": true,
			"license": "MIT"
		},
		"node_modules/typescript": {
			"version": "6.0.3",
			"resolved": "https://registry.npmjs.org/typescript/-/typescript-6.0.3.tgz",
			"integrity": "sha512-y2TvuxSZPDyQakkFRPZHKFm+KKVqIisdg9/CZwm9ftvKXLP8NRWj38/ODjNbr43SsoXqNuAisEf1GdCxqWcdBw==",
			"dev": true,
			"license": "Apache-2.0",
			"bin": {
				"tsc": "bin/tsc",
				"tsserver": "bin/tsserver"
			},
			"engines": {
				"node": ">=14.17"
			}
		}
	}
}
