{
	"name": "@theoremai/react",
	"version": "0.0.1",
	"lockfileVersion": 3,
	"requires": true,
	"packages": {
		"": {
			"name": "@theoremai/react",
			"version": "0.0.1",
			"dependencies": {
				"@tabler/icons-react": "^3.46.0"
			},
			"devDependencies": {
				"@astryxdesign/core": "0.6.2",
				"@astryxdesign/theme-neutral": "0.6.2",
				"@theoremai/agents": "file:..",
				"@types/react": "^19.0.0",
				"@types/react-dom": "^19.0.0",
				"react": "^19.0.0",
				"typescript": "^6.0.3"
			},
			"peerDependencies": {
				"@astryxdesign/core": "0.6.2",
				"@astryxdesign/theme-neutral": "0.6.2",
				"@stylexjs/stylex": "0.19.0",
				"@theoremai/agents": "*",
				"react": "^19.0.0",
				"react-dom": "^19.0.0"
			},
			"peerDependenciesMeta": {
				"@astryxdesign/core": {
					"optional": true
				},
				"@astryxdesign/theme-neutral": {
					"optional": true
				},
				"@stylexjs/stylex": {
					"optional": true
				}
			}
		},
		"..": {
			"name": "@theoremai/agents",
			"version": "2.0.0",
			"dev": true,
			"license": "MIT",
			"dependencies": {
				"@openrouter/ai-sdk-provider": "^3.0.0",
				"ai": "^7.0.108",
				"gpt-tokenizer": "^4.0.0"
			},
			"bin": {
				"agents": "src/cli/index.ts"
			},
			"devDependencies": {
				"@ast-grep/cli": "^0.41.0",
				"@biomejs/biome": "^2.5.8",
				"@stryker-mutator/core": "^10.0.0",
				"fallow": "3.17.0"
			},
			"peerDependencies": {
				"zod": "^4.1.8"
			}
		},
		"node_modules/@astryxdesign/core": {
			"version": "0.6.2",
			"resolved": "https://registry.npmjs.org/@astryxdesign/core/-/core-0.6.2.tgz",
			"integrity": "sha512-QzRE4Dn4hePtLL2q8KgdBcPKQVlxg316XIHez087iTSa3dkyY3429Zi23G35yCDrRHn6zoAMpLLLQp12s4FVFg==",
			"dev": true,
			"hasInstallScript": true,
			"license": "MIT",
			"dependencies": {
				"intl-messageformat": "^11.2.9"
			},
			"peerDependencies": {
				"@stylexjs/stylex": "^0.19.0",
				"react": ">=19.0.0",
				"react-dom": ">=19.0.0"
			}
		},
		"node_modules/@astryxdesign/theme-neutral": {
			"version": "0.6.2",
			"resolved": "https://registry.npmjs.org/@astryxdesign/theme-neutral/-/theme-neutral-0.6.2.tgz",
			"integrity": "sha512-DI80GzPqrcnMXHMGzNB8SFJSbTKOvU4FBtNANg8g/NexY4bHrmpOLzlUomGxuLdmDH/HCwVX6BRDK8s96OKJjA==",
			"dev": true,
			"license": "MIT",
			"dependencies": {
				"lucide-react": "^1.18.0"
			},
			"peerDependencies": {
				"@astryxdesign/core": "0.6.2",
				"react": ">=19"
			}
		},
		"node_modules/@formatjs/fast-memoize": {
			"version": "3.1.7",
			"resolved": "https://registry.npmjs.org/@formatjs/fast-memoize/-/fast-memoize-3.1.7.tgz",
			"integrity": "sha512-zXfhLpvA6T7+efdt9JLbBwZ00tT7NsBMDVnDu8rpHeNNv8KfRZAMo2gkG0k9lK/Nzc//3kJ9pImsfuJxk3KhUA==",
			"dev": true,
			"license": "MIT"
		},
		"node_modules/@formatjs/icu-messageformat-parser": {
			"version": "3.5.18",
			"resolved": "https://registry.npmjs.org/@formatjs/icu-messageformat-parser/-/icu-messageformat-parser-3.5.18.tgz",
			"integrity": "sha512-wX1efcL8d7K5QapOTRsP/OLTA/kpwe4LwqWyNxDNg5iRs8i9jJbCyxB5P8jc4KOW5oiLzz2DJr+BRY5xMV9+bA==",
			"dev": true,
			"license": "MIT",
			"dependencies": {
				"@formatjs/icu-skeleton-parser": "2.1.11"
			}
		},
		"node_modules/@formatjs/icu-skeleton-parser": {
			"version": "2.1.11",
			"resolved": "https://registry.npmjs.org/@formatjs/icu-skeleton-parser/-/icu-skeleton-parser-2.1.11.tgz",
			"integrity": "sha512-j8cUmOJzVgkHuS0QiQ6ga76UIoLOFSAMWhs7aZJztH3aAdCOAE6vpC8KVvFB4cU10ON0y2/5oOVmPJ43s2lTwA==",
			"dev": true,
			"license": "MIT"
		},
		"node_modules/@stylexjs/stylex": {
			"version": "0.19.0",
			"resolved": "https://registry.npmjs.org/@stylexjs/stylex/-/stylex-0.19.0.tgz",
			"integrity": "sha512-CnUFp7YMaDLDeemsWOfJgoC/gKM5P/yBNMcpJaE6ChJmXr7s0DJwSeGTTlHJcqqwN9OW1qGtmARWLFhGZN1pTA==",
			"devOptional": true,
			"license": "MIT",
			"peer": true,
			"dependencies": {
				"css-mediaquery": "^0.1.2",
				"invariant": "^2.2.4",
				"styleq": "0.2.1"
			}
		},
		"node_modules/@tabler/icons": {
			"version": "3.46.0",
			"resolved": "https://registry.npmjs.org/@tabler/icons/-/icons-3.46.0.tgz",
			"integrity": "sha512-f2RYFl3fzPwj5WO82x6en0dmkjefxEfOm16D1ByM6cj/McNiwOkL4VaPUoP9VVIrXAD9WnTSVFr70px703b//A==",
			"license": "MIT",
			"funding": {
				"type": "github",
				"url": "https://github.com/sponsors/codecalm"
			}
		},
		"node_modules/@tabler/icons-react": {
			"version": "3.46.0",
			"resolved": "https://registry.npmjs.org/@tabler/icons-react/-/icons-react-3.46.0.tgz",
			"integrity": "sha512-CCm7xJWhDT2PH4ZIFkP6AgYKtVhq0gpYkjUN+GVh1AzmIQaa77OW0bQPBPQiTE0PsXMR9oSxFqA3qBglzPyrVQ==",
			"license": "MIT",
			"dependencies": {
				"@tabler/icons": "3.46.0"
			},
			"funding": {
				"type": "github",
				"url": "https://github.com/sponsors/codecalm"
			},
			"peerDependencies": {
				"react": ">= 16"
			}
		},
		"node_modules/@theoremai/agents": {
			"resolved": "..",
			"link": true
		},
		"node_modules/@types/react": {
			"version": "19.2.18",
			"resolved": "https://registry.npmjs.org/@types/react/-/react-19.2.18.tgz",
			"integrity": "sha512-AnzbBERsrLKtk2XSfTbYRLjQPdy116Sty4q+T+Bp3IC4l6jNBvreVPAHmpq9qhXQM7CXZPjLVmGMw9sy+hxQ3w==",
			"dev": true,
			"license": "MIT",
			"dependencies": {
				"csstype": "^3.2.2"
			}
		},
		"node_modules/@types/react-dom": {
			"version": "19.2.7",
			"resolved": "https://registry.npmjs.org/@types/react-dom/-/react-dom-19.2.7.tgz",
			"integrity": "sha512-I8bPpDLcHBv1qiIiXDCy71Rt8eQDKJP0sMSWJphDdAcdqiJ1sGpZamavoEIRZmYzjia9LuEb2HlYdDpmoENpvQ==",
			"dev": true,
			"license": "MIT",
			"peerDependencies": {
				"@types/react": "^19.2.0"
			}
		},
		"node_modules/css-mediaquery": {
			"version": "0.1.2",
			"resolved": "https://registry.npmjs.org/css-mediaquery/-/css-mediaquery-0.1.2.tgz",
			"integrity": "sha512-COtn4EROW5dBGlE/4PiKnh6rZpAPxDeFLaEEwt4i10jpDMFt2EhQGS79QmmrO+iKCHv0PU/HrOWEhijFd1x99Q==",
			"devOptional": true,
			"license": "BSD",
			"peer": true
		},
		"node_modules/csstype": {
			"version": "3.2.3",
			"resolved": "https://registry.npmjs.org/csstype/-/csstype-3.2.3.tgz",
			"integrity": "sha512-z1HGKcYy2xA8AGQfwrn0PAy+PB7X/GSj3UVJW9qKyn43xWa+gl5nXmU4qqLMRzWVLFC8KusUX8T/0kCiOYpAIQ==",
			"dev": true,
			"license": "MIT"
		},
		"node_modules/intl-messageformat": {
			"version": "11.2.15",
			"resolved": "https://registry.npmjs.org/intl-messageformat/-/intl-messageformat-11.2.15.tgz",
			"integrity": "sha512-W4VNytsXyWgW5lvVchmsb9xgA5rSKqoflu3/IQ9UCtB0z4R+Bx9MoEkwFT/+30RCl/KzUoH0QGGe9lppF5SuvQ==",
			"dev": true,
			"license": "BSD-3-Clause",
			"dependencies": {
				"@formatjs/fast-memoize": "3.1.7",
				"@formatjs/icu-messageformat-parser": "3.5.18"
			}
		},
		"node_modules/invariant": {
			"version": "2.2.4",
			"resolved": "https://registry.npmjs.org/invariant/-/invariant-2.2.4.tgz",
			"integrity": "sha512-phJfQVBuaJM5raOpJjSfkiD6BpbCE4Ns//LaXl6wGYtUBY83nWS6Rf9tXm2e8VaK60JEjYldbPif/A2B1C2gNA==",
			"devOptional": true,
			"license": "MIT",
			"peer": true,
			"dependencies": {
				"loose-envify": "^1.0.0"
			}
		},
		"node_modules/js-tokens": {
			"version": "4.0.0",
			"resolved": "https://registry.npmjs.org/js-tokens/-/js-tokens-4.0.0.tgz",
			"integrity": "sha512-RdJUflcE3cUzKiMqQgsCu06FPu9UdIJO0beYbPhHN4k6apgJtifcoCtT9bcxOpYBtpD2kCM6Sbzg4CausW/PKQ==",
			"devOptional": true,
			"license": "MIT",
			"peer": true
		},
		"node_modules/loose-envify": {
			"version": "1.4.0",
			"resolved": "https://registry.npmjs.org/loose-envify/-/loose-envify-1.4.0.tgz",
			"integrity": "sha512-lyuxPGr/Wfhrlem2CL/UcnUc1zcqKAImBDzukY7Y5F/yQiNdko6+fRLevlw1HgMySw7f611UIY408EtxRSoK3Q==",
			"devOptional": true,
			"license": "MIT",
			"peer": true,
			"dependencies": {
				"js-tokens": "^3.0.0 || ^4.0.0"
			},
			"bin": {
				"loose-envify": "cli.js"
			}
		},
		"node_modules/lucide-react": {
			"version": "1.47.0",
			"resolved": "https://registry.npmjs.org/lucide-react/-/lucide-react-1.47.0.tgz",
			"integrity": "sha512-o8C23aXpNQypRY73W7fW02EyvWJinEMXgKeGjFoKym0zj3Q73hD97A1IQps1g8C14HTGsOpZL0Am+xjfgFZAbg==",
			"dev": true,
			"license": "ISC",
			"peerDependencies": {
				"react": "^16.5.1 || ^17.0.0 || ^18.0.0 || ^19.0.0"
			}
		},
		"node_modules/react": {
			"version": "19.2.8",
			"resolved": "https://registry.npmjs.org/react/-/react-19.2.8.tgz",
			"integrity": "sha512-PWaYA1L/q9u2u7xYQi+Y3L3Yfnie7XyLeaJICV1MGD6LprsBxcAqGjYyr0eY3p+QdsA+x/Irkt4Qif8D63+Sbw==",
			"license": "MIT",
			"engines": {
				"node": ">=0.10.0"
			}
		},
		"node_modules/react-dom": {
			"version": "19.2.8",
			"resolved": "https://registry.npmjs.org/react-dom/-/react-dom-19.2.8.tgz",
			"integrity": "sha512-rVprimfGBG3DR+Tq0IQG2DT5PxKth1WIGDmj5yPmlzr4YBe7uyE+Du4oVqTDXZSHGGGXRtTJEGSSePyQCMBglQ==",
			"license": "MIT",
			"peer": true,
			"dependencies": {
				"scheduler": "^0.27.0"
			},
			"peerDependencies": {
				"react": "^19.2.8"
			}
		},
		"node_modules/scheduler": {
			"version": "0.27.0",
			"resolved": "https://registry.npmjs.org/scheduler/-/scheduler-0.27.0.tgz",
			"integrity": "sha512-eNv+WrVbKu1f3vbYJT/xtiF5syA5HPIMtf9IgY/nKg0sWqzAUEvqY/xm7OcZc/qafLx/iO9FgOmeSAp4v5ti/Q==",
			"license": "MIT",
			"peer": true
		},
		"node_modules/styleq": {
			"version": "0.2.1",
			"resolved": "https://registry.npmjs.org/styleq/-/styleq-0.2.1.tgz",
			"integrity": "sha512-L0TR0NQb+X4/ktDEKmjWyp27gla+LUYi/by5k5SjKXf6/pvZP7wbwEB5J+tqxdFVPgzbsuz+d4RTScO/QZquBw==",
			"devOptional": true,
			"license": "MIT",
			"peer": true
		},
		"node_modules/typescript": {
			"version": "6.0.3",
			"resolved": "https://registry.npmjs.org/typescript/-/typescript-6.0.3.tgz",
			"integrity": "sha512-y2TvuxSZPDyQakkFRPZHKFm+KKVqIisdg9/CZwm9ftvKXLP8NRWj38/ODjNbr43SsoXqNuAisEf1GdCxqWcdBw==",
			"dev": true,
			"license": "Apache-2.0",
			"bin": {
				"tsc": "bin/tsc",
				"tsserver": "bin/tsserver"
			},
			"engines": {
				"node": ">=14.17"
			}
		}
	}
}
